
Microsoft Visual Studio Solution File, Format Version 12.00
# Visual Studio Version 17
VisualStudioVersion = 17.9.34622.214
MinimumVisualStudioVersion = 10.0.40219.1
Project("{FAE04EC0-301F-11D3-BF4B-00C04F79EFBC}") = "TESTAPP", "TESTAPP\TESTAPP.csproj", "{F42725DF-11EB-4A57-80B5-4EEC97DB7C4D}"
EndProject
Global
	GlobalSection(SolutionConfigurationPlatforms) = preSolution
		Debug|Any CPU = Debug|Any CPU
		Release|Any CPU = Release|Any CPU
	EndGlobalSection
	GlobalSection(ProjectConfigurationPlatforms) = postSolution
		{F42725DF-11EB-4A57-80B5-4EEC97DB7C4D}.Debug|Any CPU.ActiveCfg = Debug|Any CPU
		{F42725DF-11EB-4A57-80B5-4EEC97DB7C4D}.Debug|Any CPU.Build.0 = Debug|Any CPU
		{F42725DF-11EB-4A57-80B5-4EEC97DB7C4D}.Release|Any CPU.ActiveCfg = Release|Any CPU
		{F42725DF-11EB-4A57-80B5-4EEC97DB7C4D}.Release|Any CPU.Build.0 = Release|Any CPU
	EndGlobalSection
	GlobalSection(SolutionProperties) = preSolution
		HideSolutionNode = FALSE
	EndGlobalSection
	GlobalSection(ExtensibilityGlobals) = postSolution
		SolutionGuid = {72FB88F1-F63E-4AF1-93CE-E65DF756A849}
	EndGlobalSection
EndGlobal
